
Microsoft Visual Studio Solution File, Format Version 12.00
# Visual Studio Version 17
VisualStudioVersion = 17.11.35312.102
MinimumVisualStudioVersion = 10.0.40219.1
Project("{FAE04EC0-301F-11D3-BF4B-00C04F79EFBC}") = "HuskyBrowser", "HuskyBrowser\HuskyBrowser.csproj", "{14CF3A0A-C665-45B4-9100-4321DFC92CBA}"
EndProject
Global
	GlobalSection(SolutionConfigurationPlatforms) = preSolution
		Debug|Any CPU = Debug|Any CPU
		Release|Any CPU = Release|Any CPU
	EndGlobalSection
	GlobalSection(ProjectConfigurationPlatforms) = postSolution
		{14CF3A0A-C665-45B4-9100-4321DFC92CBA}.Debug|Any CPU.ActiveCfg = Debug|Any CPU
		{14CF3A0A-C665-45B4-9100-4321DFC92CBA}.Debug|Any CPU.Build.0 = Debug|Any CPU
		{14CF3A0A-C665-45B4-9100-4321DFC92CBA}.Release|Any CPU.ActiveCfg = Release|Any CPU
		{14CF3A0A-C665-45B4-9100-4321DFC92CBA}.Release|Any CPU.Build.0 = Release|Any CPU
	EndGlobalSection
	GlobalSection(SolutionProperties) = preSolution
		HideSolutionNode = FALSE
	EndGlobalSection
	GlobalSection(ExtensibilityGlobals) = postSolution
		SolutionGuid = {145710CB-4EF5-4442-89D4-9CE4800743F7}
	EndGlobalSection
EndGlobal
